
Microsoft Visual Studio Solution File, Format Version 12.00
# Visual Studio Version 17
VisualStudioVersion = 17.8.34309.116
MinimumVisualStudioVersion = 10.0.40219.1
Project("{8BC9CEB8-8B4A-11D0-8D11-00A0C91BC942}") = "打印菱形", "打印菱形\打印菱形.vcxproj", "{41FF129F-136F-4C6A-B0FC-67A708B58DEA}"
EndProject
Global
	GlobalSection(SolutionConfigurationPlatforms) = preSolution
		Debug|x64 = Debug|x64
		Debug|x86 = Debug|x86
		Release|x64 = Release|x64
		Release|x86 = Release|x86
	EndGlobalSection
	GlobalSection(ProjectConfigurationPlatforms) = postSolution
		{41FF129F-136F-4C6A-B0FC-67A708B58DEA}.Debug|x64.ActiveCfg = Debug|x64
		{41FF129F-136F-4C6A-B0FC-67A708B58DEA}.Debug|x64.Build.0 = Debug|x64
		{41FF129F-136F-4C6A-B0FC-67A708B58DEA}.Debug|x86.ActiveCfg = Debug|Win32
		{41FF129F-136F-4C6A-B0FC-67A708B58DEA}.Debug|x86.Build.0 = Debug|Win32
		{41FF129F-136F-4C6A-B0FC-67A708B58DEA}.Release|x64.ActiveCfg = Release|x64
		{41FF129F-136F-4C6A-B0FC-67A708B58DEA}.Release|x64.Build.0 = Release|x64
		{41FF129F-136F-4C6A-B0FC-67A708B58DEA}.Release|x86.ActiveCfg = Release|Win32
		{41FF129F-136F-4C6A-B0FC-67A708B58DEA}.Release|x86.Build.0 = Release|Win32
	EndGlobalSection
	GlobalSection(SolutionProperties) = preSolution
		HideSolutionNode = FALSE
	EndGlobalSection
	GlobalSection(ExtensibilityGlobals) = postSolution
		SolutionGuid = {D5FAA7D1-658A-47F7-9187-53C54E1D302E}
	EndGlobalSection
EndGlobal
